<Solution>
    <Folder Name="/SampleProjects/">
        <Project Path="SampleProject00/SampleProject00.csproj" />
        <Project Path="SampleProject01/SampleProject01.csproj" />
        <Project Path="SampleProject02/SampleProject02.csproj" />
        <Project Path="SampleProject03/SampleProject03.csproj" />
        <Project Path="SampleProject04/SampleProject04.csproj" />
        <Project Path="SampleProject05/SampleProject05.csproj" />
        <Project Path="SampleProject06/SampleProject06.csproj" />
        <Project Path="SampleProject07/SampleProject07.csproj" />
        <Project Path="SampleProject08/SampleProject08.csproj" />
        <Project Path="SampleProject09/SampleProject09.csproj" />
        <Project Path="SampleProject10/SampleProject10.csproj" />
        <Project Path="SampleProject11/SampleProject11.csproj" />
        <Project Path="SampleProject12/SampleProject12.csproj" />
        <Project Path="SampleProject13/SampleProject13.csproj" />
        <Project Path="SampleProject14/SampleProject14.csproj" />
        <Project Path="SampleProject15/SampleProject15.csproj" />
        <Project Path="SampleProject16/SampleProject16.csproj" />
        <Project Path="SampleProject17/SampleProject17.csproj" />
        <Project Path="SampleProject18/SampleProject18.csproj" />
        <Project Path="SampleProject19/SampleProject19.csproj" />
        <Project Path="SampleProject20/SampleProject20.csproj" />
        <Project Path="SampleProject21/SampleProject21.csproj" />
        <Project Path="SampleProject22/SampleProject22.csproj" />
        <Project Path="SampleProject23/SampleProject23.csproj" />
        <Project Path="SampleProject24/SampleProject24.csproj" />
        <Project Path="SampleProject25/SampleProject25.csproj" />
        <Project Path="SampleProject26/SampleProject26.csproj" />
        <Project Path="SampleProject27/SampleProject27.csproj" />
        <Project Path="SampleProject28/SampleProject28.csproj" />
        <Project Path="SampleProject29/SampleProject29.csproj" />
        <Project Path="SampleProject30/SampleProject30.csproj" />
        <Project Path="SampleProject31/SampleProject31.csproj" />
        <Project Path="SampleProject32/SampleProject32.csproj" />
        <Project Path="SampleProject33/SampleProject33.csproj" />
        <Project Path="SampleProject34/SampleProject34.csproj" />
        <Project Path="SampleProject35/SampleProject35.csproj" />
        <Project Path="SampleProject36/SampleProject36.csproj" />
        <Project Path="SampleProject37/SampleProject37.csproj" />
        <Project Path="SampleProject38/SampleProject38.csproj" />
        <Project Path="SampleProject39/SampleProject39.csproj" />
        <Project Path="SampleProject40/SampleProject40.csproj" />
        <Project Path="SampleProject41/SampleProject41.csproj" />
        <Project Path="SampleProject42/SampleProject42.csproj" />
        <Project Path="SampleProject43/SampleProject43.csproj" />
        <Project Path="SampleProject44/SampleProject44.csproj" />
        <Project Path="SampleProject45/SampleProject45.csproj" />
        <Project Path="SampleProject46/SampleProject46.csproj" />
        <Project Path="SampleProject47/SampleProject47.csproj" />
        <Project Path="SampleProject48/SampleProject48.csproj" />
        <Project Path="SampleProject49/SampleProject49.csproj" />
        <Project Path="SampleProject50/SampleProject50.csproj" />
        <Project Path="SampleProject51/SampleProject51.csproj" />
        <Project Path="SampleProject52/SampleProject52.csproj" />
        <Project Path="SampleProject53/SampleProject53.csproj" />
        <Project Path="SampleProject54/SampleProject54.csproj" />
        <Project Path="SampleProject55/SampleProject55.csproj" />
        <Project Path="SampleProject56/SampleProject56.csproj" />
        <Project Path="SampleProject57/SampleProject57.csproj" />
        <Project Path="SampleProject58/SampleProject58.csproj" />
        <Project Path="SampleProject59/SampleProject59.csproj" />
    </Folder>
</Solution>
