
Microsoft Visual Studio Solution File, Format Version 12.00
# Visual Studio Version 17
VisualStudioVersion = 17.8.34316.72
MinimumVisualStudioVersion = 10.0.40219.1
Project("{FAE04EC0-301F-11D3-BF4B-00C04F79EFBC}") = "ReqnrollCalculator.Specs", "ReqnrollCalculator.Specs\ReqnrollCalculator.Specs.csproj", "{99D7B29C-75DD-4908-8FA1-530FD7C2275D}"
EndProject
Project("{FAE04EC0-301F-11D3-BF4B-00C04F79EFBC}") = "ReqnrollCalculator", "ReqnrollCalculator\ReqnrollCalculator.csproj", "{BECCF222-AB31-413A-A7E3-9C25DAE7E0BF}"
EndProject
Global
	GlobalSection(SolutionConfigurationPlatforms) = preSolution
		Debug|Any CPU = Debug|Any CPU
		Release|Any CPU = Release|Any CPU
	EndGlobalSection
	GlobalSection(ProjectConfigurationPlatforms) = postSolution
		{99D7B29C-75DD-4908-8FA1-530FD7C2275D}.Debug|Any CPU.ActiveCfg = Debug|Any CPU
		{99D7B29C-75DD-4908-8FA1-530FD7C2275D}.Debug|Any CPU.Build.0 = Debug|Any CPU
		{99D7B29C-75DD-4908-8FA1-530FD7C2275D}.Release|Any CPU.ActiveCfg = Release|Any CPU
		{99D7B29C-75DD-4908-8FA1-530FD7C2275D}.Release|Any CPU.Build.0 = Release|Any CPU
		{BECCF222-AB31-413A-A7E3-9C25DAE7E0BF}.Debug|Any CPU.ActiveCfg = Debug|Any CPU
		{BECCF222-AB31-413A-A7E3-9C25DAE7E0BF}.Debug|Any CPU.Build.0 = Debug|Any CPU
		{BECCF222-AB31-413A-A7E3-9C25DAE7E0BF}.Release|Any CPU.ActiveCfg = Release|Any CPU
		{BECCF222-AB31-413A-A7E3-9C25DAE7E0BF}.Release|Any CPU.Build.0 = Release|Any CPU
	EndGlobalSection
	GlobalSection(SolutionProperties) = preSolution
		HideSolutionNode = FALSE
	EndGlobalSection
	GlobalSection(ExtensibilityGlobals) = postSolution
		SolutionGuid = {204F3869-2413-4BDC-A534-6F5782D593EF}
	EndGlobalSection
EndGlobal
