
Microsoft Visual Studio Solution File, Format Version 12.00
# Visual Studio Version 17
VisualStudioVersion = 17.13.36105.23
MinimumVisualStudioVersion = 10.0.40219.1
Project("{FAE04EC0-301F-11D3-BF4B-00C04F79EFBC}") = "OldProjectFileFormat.MsTestFw", "OldProjectFileFormat.MsTestFw\OldProjectFileFormat.MsTestFw.csproj", "{747CB023-76F4-46AA-9E9C-C42E5E3BC65D}"
EndProject
Project("{FAE04EC0-301F-11D3-BF4B-00C04F79EFBC}") = "OldProjectFileFormat.NUnitFw", "OldProjectFileFormat.NUnitFw\OldProjectFileFormat.NUnitFw.csproj", "{5A14CA78-952D-4E12-AA0A-7C5847274CBE}"
EndProject
Global
	GlobalSection(SolutionConfigurationPlatforms) = preSolution
		Debug|Any CPU = Debug|Any CPU
		Release|Any CPU = Release|Any CPU
	EndGlobalSection
	GlobalSection(ProjectConfigurationPlatforms) = postSolution
		{747CB023-76F4-46AA-9E9C-C42E5E3BC65D}.Debug|Any CPU.ActiveCfg = Debug|Any CPU
		{747CB023-76F4-46AA-9E9C-C42E5E3BC65D}.Debug|Any CPU.Build.0 = Debug|Any CPU
		{747CB023-76F4-46AA-9E9C-C42E5E3BC65D}.Release|Any CPU.ActiveCfg = Release|Any CPU
		{747CB023-76F4-46AA-9E9C-C42E5E3BC65D}.Release|Any CPU.Build.0 = Release|Any CPU
		{5A14CA78-952D-4E12-AA0A-7C5847274CBE}.Debug|Any CPU.ActiveCfg = Debug|Any CPU
		{5A14CA78-952D-4E12-AA0A-7C5847274CBE}.Debug|Any CPU.Build.0 = Debug|Any CPU
		{5A14CA78-952D-4E12-AA0A-7C5847274CBE}.Release|Any CPU.ActiveCfg = Release|Any CPU
		{5A14CA78-952D-4E12-AA0A-7C5847274CBE}.Release|Any CPU.Build.0 = Release|Any CPU
	EndGlobalSection
	GlobalSection(SolutionProperties) = preSolution
		HideSolutionNode = FALSE
	EndGlobalSection
	GlobalSection(ExtensibilityGlobals) = postSolution
		SolutionGuid = {831F6706-5785-4F0B-B901-4872F5DC25AA}
	EndGlobalSection
EndGlobal
