
Microsoft Visual Studio Solution File, Format Version 12.00
# Visual Studio Version 17
VisualStudioVersion = 17.8.34316.72
MinimumVisualStudioVersion = 10.0.40219.1
Project("{9A19103F-16F7-4668-BE54-9A1E7A4F7556}") = "ExternalStepDefs", "ExternalStepDefs\ExternalStepDefs.csproj", "{CFB027D7-1381-4748-8B7A-89C097371E0D}"
EndProject
Project("{9A19103F-16F7-4668-BE54-9A1E7A4F7556}") = "SpecFlowCompatibilityProject.Net6", "SpecFlowCompatibilityProject.Net6\SpecFlowCompatibilityProject.Net6.csproj", "{AC68BB06-0ADE-4CBC-980A-9AB8E6E11665}"
EndProject
Project("{9A19103F-16F7-4668-BE54-9A1E7A4F7556}") = "SpecFlowCompatibilityProject.Net8", "SpecFlowCompatibilityProject.Net8\SpecFlowCompatibilityProject.Net8.csproj", "{1E9AE37E-BDB2-4149-BBBD-05F954123BF8}"
EndProject
Project("{9A19103F-16F7-4668-BE54-9A1E7A4F7556}") = "SpecFlowCompatibilityProject.Net472", "SpecFlowCompatibilityProject.Net472\SpecFlowCompatibilityProject.Net472.csproj", "{80634211-3351-44CF-8E97-0D0A852797F7}"
EndProject
Global
	GlobalSection(SolutionConfigurationPlatforms) = preSolution
		Debug|Any CPU = Debug|Any CPU
		Release|Any CPU = Release|Any CPU
	EndGlobalSection
	GlobalSection(ProjectConfigurationPlatforms) = postSolution
		{CFB027D7-1381-4748-8B7A-89C097371E0D}.Debug|Any CPU.ActiveCfg = Debug|Any CPU
		{CFB027D7-1381-4748-8B7A-89C097371E0D}.Debug|Any CPU.Build.0 = Debug|Any CPU
		{CFB027D7-1381-4748-8B7A-89C097371E0D}.Release|Any CPU.ActiveCfg = Release|Any CPU
		{CFB027D7-1381-4748-8B7A-89C097371E0D}.Release|Any CPU.Build.0 = Release|Any CPU
		{AC68BB06-0ADE-4CBC-980A-9AB8E6E11665}.Debug|Any CPU.ActiveCfg = Debug|Any CPU
		{AC68BB06-0ADE-4CBC-980A-9AB8E6E11665}.Debug|Any CPU.Build.0 = Debug|Any CPU
		{AC68BB06-0ADE-4CBC-980A-9AB8E6E11665}.Release|Any CPU.ActiveCfg = Release|Any CPU
		{AC68BB06-0ADE-4CBC-980A-9AB8E6E11665}.Release|Any CPU.Build.0 = Release|Any CPU
		{1E9AE37E-BDB2-4149-BBBD-05F954123BF8}.Debug|Any CPU.ActiveCfg = Debug|Any CPU
		{1E9AE37E-BDB2-4149-BBBD-05F954123BF8}.Debug|Any CPU.Build.0 = Debug|Any CPU
		{1E9AE37E-BDB2-4149-BBBD-05F954123BF8}.Release|Any CPU.ActiveCfg = Release|Any CPU
		{1E9AE37E-BDB2-4149-BBBD-05F954123BF8}.Release|Any CPU.Build.0 = Release|Any CPU
		{80634211-3351-44CF-8E97-0D0A852797F7}.Debug|Any CPU.ActiveCfg = Debug|Any CPU
		{80634211-3351-44CF-8E97-0D0A852797F7}.Debug|Any CPU.Build.0 = Debug|Any CPU
		{80634211-3351-44CF-8E97-0D0A852797F7}.Release|Any CPU.ActiveCfg = Release|Any CPU
		{80634211-3351-44CF-8E97-0D0A852797F7}.Release|Any CPU.Build.0 = Release|Any CPU
	EndGlobalSection
	GlobalSection(SolutionProperties) = preSolution
		HideSolutionNode = FALSE
	EndGlobalSection
	GlobalSection(ExtensibilityGlobals) = postSolution
		SolutionGuid = {AAD86F8A-8843-46C2-AA2E-C0DEC37DA60E}
	EndGlobalSection
EndGlobal
