
Microsoft Visual Studio Solution File, Format Version 12.00
# Visual Studio Version 17
VisualStudioVersion = 17.14.36203.30
MinimumVisualStudioVersion = 10.0.40219.1
Project("{FAE04EC0-301F-11D3-BF4B-00C04F79EFBC}") = "ReqnrollFormatters.Standard", "ReqnrollFormatters.Standard\ReqnrollFormatters.Standard.csproj", "{463D753E-74D1-4373-AE79-D824EEE8EFBE}"
EndProject
Project("{FAE04EC0-301F-11D3-BF4B-00C04F79EFBC}") = "ReqnrollFormatters.Custom", "ReqnrollFormatters.Custom\ReqnrollFormatters.Custom.csproj", "{FE6BE948-0314-11F3-BDA9-AE209CB7EC28}"
EndProject
Global
	GlobalSection(SolutionConfigurationPlatforms) = preSolution
		Debug|Any CPU = Debug|Any CPU
		Release|Any CPU = Release|Any CPU
	EndGlobalSection
	GlobalSection(ProjectConfigurationPlatforms) = postSolution
		{463D753E-74D1-4373-AE79-D824EEE8EFBE}.Debug|Any CPU.ActiveCfg = Debug|Any CPU
		{463D753E-74D1-4373-AE79-D824EEE8EFBE}.Debug|Any CPU.Build.0 = Debug|Any CPU
		{463D753E-74D1-4373-AE79-D824EEE8EFBE}.Release|Any CPU.ActiveCfg = Release|Any CPU
		{463D753E-74D1-4373-AE79-D824EEE8EFBE}.Release|Any CPU.Build.0 = Release|Any CPU
		{FE6BE948-0314-11F3-BDA9-AE209CB7EC28}.Debug|Any CPU.ActiveCfg = Debug|Any CPU
		{FE6BE948-0314-11F3-BDA9-AE209CB7EC28}.Debug|Any CPU.Build.0 = Debug|Any CPU
		{FE6BE948-0314-11F3-BDA9-AE209CB7EC28}.Release|Any CPU.ActiveCfg = Release|Any CPU
		{FE6BE948-0314-11F3-BDA9-AE209CB7EC28}.Release|Any CPU.Build.0 = Release|Any CPU
	EndGlobalSection
	GlobalSection(SolutionProperties) = preSolution
		HideSolutionNode = FALSE
	EndGlobalSection
	GlobalSection(ExtensibilityGlobals) = postSolution
		SolutionGuid = {DFB98AEE-90F4-496E-B220-9BE327331C7D}
	EndGlobalSection
EndGlobal
